// !$*UTF8*$!
{
	archiveVersion = 1;
	classes = {
	};
	objectVersion = 56;
	objects = {

/* Begin PBXBuildFile section */
		801E03082A378BCB0091A49B /* AppDelegate.swift in Sources */ = {isa = PBXBuildFile; fileRef = 801E03072A378BCB0091A49B /* AppDelegate.swift */; };
		801E030A2A378BCB0091A49B /* SceneDelegate.swift in Sources */ = {isa = PBXBuildFile; fileRef = 801E03092A378BCB0091A49B /* SceneDelegate.swift */; };
		801E030C2A378BCB0091A49B /* ViewController.swift in Sources */ = {isa = PBXBuildFile; fileRef = 801E030B2A378BCB0091A49B /* ViewController.swift */; };
		801E030F2A378BCB0091A49B /* Main.storyboard in Resources */ = {isa = PBXBuildFile; fileRef = 801E030D2A378BCB0091A49B /* Main.storyboard */; };
		801E03112A378BCD0091A49B /* Assets.xcassets in Resources */ = {isa = PBXBuildFile; fileRef = 801E03102A378BCD0091A49B /* Assets.xcassets */; };
		801E03142A378BCD0091A49B /* LaunchScreen.storyboard in Resources */ = {isa = PBXBuildFile; fileRef = 801E03122A378BCD0091A49B /* LaunchScreen.storyboard */; };
		801E03672A3844760091A49B /* NewClassLessonThree.swift in Sources */ = {isa = PBXBuildFile; fileRef = 801E03662A3844760091A49B /* NewClassLessonThree.swift */; };
		801E03692A384ADF0091A49B /* Animal.swift in Sources */ = {isa = PBXBuildFile; fileRef = 801E03682A384ADF0091A49B /* Animal.swift */; };
		801E036D2A384C320091A49B /* Point.swift in Sources */ = {isa = PBXBuildFile; fileRef = 801E036C2A384C320091A49B /* Point.swift */; };
		801E03702A384D010091A49B /* Encapsulation.swift in Sources */ = {isa = PBXBuildFile; fileRef = 801E036F2A384D010091A49B /* Encapsulation.swift */; };
		801E03722A384E2F0091A49B /* Polymorphism.swift in Sources */ = {isa = PBXBuildFile; fileRef = 801E03712A384E2F0091A49B /* Polymorphism.swift */; };
		801E03742A3851260091A49B /* Inheritance.swift in Sources */ = {isa = PBXBuildFile; fileRef = 801E03732A3851260091A49B /* Inheritance.swift */; };
		801E03762A3853010091A49B /* Abstract.swift in Sources */ = {isa = PBXBuildFile; fileRef = 801E03752A3853010091A49B /* Abstract.swift */; };
/* End PBXBuildFile section */

/* Begin PBXFileReference section */
		801E03042A378BCB0091A49B /* LessonThree.app */ = {isa = PBXFileReference; explicitFileType = wrapper.application; includeInIndex = 0; path = LessonThree.app; sourceTree = BUILT_PRODUCTS_DIR; };
		801E03072A378BCB0091A49B /* AppDelegate.swift */ = {isa = PBXFileReference; lastKnownFileType = sourcecode.swift; path = AppDelegate.swift; sourceTree = "<group>"; };
		801E03092A378BCB0091A49B /* SceneDelegate.swift */ = {isa = PBXFileReference; lastKnownFileType = sourcecode.swift; path = SceneDelegate.swift; sourceTree = "<group>"; };
		801E030B2A378BCB0091A49B /* ViewController.swift */ = {isa = PBXFileReference; lastKnownFileType = sourcecode.swift; path = ViewController.swift; sourceTree = "<group>"; };
		801E030E2A378BCB0091A49B /* Base */ = {isa = PBXFileReference; lastKnownFileType = file.storyboard; name = Base; path = Base.lproj/Main.storyboard; sourceTree = "<group>"; };
		801E03102A378BCD0091A49B /* Assets.xcassets */ = {isa = PBXFileReference; lastKnownFileType = folder.assetcatalog; path = Assets.xcassets; sourceTree = "<group>"; };
		801E03132A378BCD0091A49B /* Base */ = {isa = PBXFileReference; lastKnownFileType = file.storyboard; name = Base; path = Base.lproj/LaunchScreen.storyboard; sourceTree = "<group>"; };
		801E03152A378BCD0091A49B /* Info.plist */ = {isa = PBXFileReference; lastKnownFileType = text.plist.xml; path = Info.plist; sourceTree = "<group>"; };
		801E03662A3844760091A49B /* NewClassLessonThree.swift */ = {isa = PBXFileReference; lastKnownFileType = sourcecode.swift; path = NewClassLessonThree.swift; sourceTree = "<group>"; };
		801E03682A384ADF0091A49B /* Animal.swift */ = {isa = PBXFileReference; lastKnownFileType = sourcecode.swift; path = Animal.swift; sourceTree = "<group>"; };
		801E036C2A384C320091A49B /* Point.swift */ = {isa = PBXFileReference; lastKnownFileType = sourcecode.swift; path = Point.swift; sourceTree = "<group>"; };
		801E036F2A384D010091A49B /* Encapsulation.swift */ = {isa = PBXFileReference; lastKnownFileType = sourcecode.swift; path = Encapsulation.swift; sourceTree = "<group>"; };
		801E03712A384E2F0091A49B /* Polymorphism.swift */ = {isa = PBXFileReference; lastKnownFileType = sourcecode.swift; path = Polymorphism.swift; sourceTree = "<group>"; };
		801E03732A3851260091A49B /* Inheritance.swift */ = {isa = PBXFileReference; lastKnownFileType = sourcecode.swift; path = Inheritance.swift; sourceTree = "<group>"; };
		801E03752A3853010091A49B /* Abstract.swift */ = {isa = PBXFileReference; lastKnownFileType = sourcecode.swift; path = Abstract.swift; sourceTree = "<group>"; };
/* End PBXFileReference section */

/* Begin PBXFrameworksBuildPhase section */
		801E03012A378BCB0091A49B /* Frameworks */ = {
			isa = PBXFrameworksBuildPhase;
			buildActionMask = 2147483647;
			files = (
			);
			runOnlyForDeploymentPostprocessing = 0;
		};
/* End PBXFrameworksBuildPhase section */

/* Begin PBXGroup section */
		801E02FB2A378BCB0091A49B = {
			isa = PBXGroup;
			children = (
				801E03062A378BCB0091A49B /* LessonThree */,
				801E03052A378BCB0091A49B /* Products */,
			);
			sourceTree = "<group>";
		};
		801E03052A378BCB0091A49B /* Products */ = {
			isa = PBXGroup;
			children = (
				801E03042A378BCB0091A49B /* LessonThree.app */,
			);
			name = Products;
			sourceTree = "<group>";
		};
		801E03062A378BCB0091A49B /* LessonThree */ = {
			isa = PBXGroup;
			children = (
				801E036E2A384CD40091A49B /* OOP */,
				801E036B2A384C210091A49B /* Struct */,
				801E036A2A384C1A0091A49B /* Class */,
				801E03072A378BCB0091A49B /* AppDelegate.swift */,
				801E03092A378BCB0091A49B /* SceneDelegate.swift */,
				801E03662A3844760091A49B /* NewClassLessonThree.swift */,
				801E030B2A378BCB0091A49B /* ViewController.swift */,
				801E030D2A378BCB0091A49B /* Main.storyboard */,
				801E03102A378BCD0091A49B /* Assets.xcassets */,
				801E03122A378BCD0091A49B /* LaunchScreen.storyboard */,
				801E03152A378BCD0091A49B /* Info.plist */,
			);
			path = LessonThree;
			sourceTree = "<group>";
		};
		801E036A2A384C1A0091A49B /* Class */ = {
			isa = PBXGroup;
			children = (
				801E03682A384ADF0091A49B /* Animal.swift */,
			);
			path = Class;
			sourceTree = "<group>";
		};
		801E036B2A384C210091A49B /* Struct */ = {
			isa = PBXGroup;
			children = (
				801E036C2A384C320091A49B /* Point.swift */,
			);
			path = Struct;
			sourceTree = "<group>";
		};
		801E036E2A384CD40091A49B /* OOP */ = {
			isa = PBXGroup;
			children = (
				801E036F2A384D010091A49B /* Encapsulation.swift */,
				801E03712A384E2F0091A49B /* Polymorphism.swift */,
				801E03732A3851260091A49B /* Inheritance.swift */,
				801E03752A3853010091A49B /* Abstract.swift */,
			);
			path = OOP;
			sourceTree = "<group>";
		};
/* End PBXGroup section */

/* Begin PBXNativeTarget section */
		801E03032A378BCB0091A49B /* LessonThree */ = {
			isa = PBXNativeTarget;
			buildConfigurationList = 801E03182A378BCD0091A49B /* Build configuration list for PBXNativeTarget "LessonThree" */;
			buildPhases = (
				801E03002A378BCB0091A49B /* Sources */,
				801E03012A378BCB0091A49B /* Frameworks */,
				801E03022A378BCB0091A49B /* Resources */,
			);
			buildRules = (
			);
			dependencies = (
			);
			name = LessonThree;
			productName = LessonThree;
			productReference = 801E03042A378BCB0091A49B /* LessonThree.app */;
			productType = "com.apple.product-type.application";
		};
/* End PBXNativeTarget section */

/* Begin PBXProject section */
		801E02FC2A378BCB0091A49B /* Project object */ = {
			isa = PBXProject;
			attributes = {
				BuildIndependentTargetsInParallel = 1;
				LastSwiftUpdateCheck = 1430;
				LastUpgradeCheck = 1430;
				TargetAttributes = {
					801E03032A378BCB0091A49B = {
						CreatedOnToolsVersion = 14.3.1;
					};
				};
			};
			buildConfigurationList = 801E02FF2A378BCB0091A49B /* Build configuration list for PBXProject "LessonThree" */;
			compatibilityVersion = "Xcode 14.0";
			developmentRegion = en;
			hasScannedForEncodings = 0;
			knownRegions = (
				en,
				Base,
			);
			mainGroup = 801E02FB2A378BCB0091A49B;
			productRefGroup = 801E03052A378BCB0091A49B /* Products */;
			projectDirPath = "";
			projectRoot = "";
			targets = (
				801E03032A378BCB0091A49B /* LessonThree */,
			);
		};
/* End PBXProject section */

/* Begin PBXResourcesBuildPhase section */
		801E03022A378BCB0091A49B /* Resources */ = {
			isa = PBXResourcesBuildPhase;
			buildActionMask = 2147483647;
			files = (
				801E03142A378BCD0091A49B /* LaunchScreen.storyboard in Resources */,
				801E03112A378BCD0091A49B /* Assets.xcassets in Resources */,
				801E030F2A378BCB0091A49B /* Main.storyboard in Resources */,
			);
			runOnlyForDeploymentPostprocessing = 0;
		};
/* End PBXResourcesBuildPhase section */

/* Begin PBXSourcesBuildPhase section */
		801E03002A378BCB0091A49B /* Sources */ = {
			isa = PBXSourcesBuildPhase;
			buildActionMask = 2147483647;
			files = (
				801E03722A384E2F0091A49B /* Polymorphism.swift in Sources */,
				801E03672A3844760091A49B /* NewClassLessonThree.swift in Sources */,
				801E03742A3851260091A49B /* Inheritance.swift in Sources */,
				801E030C2A378BCB0091A49B /* ViewController.swift in Sources */,
				801E036D2A384C320091A49B /* Point.swift in Sources */,
				801E03082A378BCB0091A49B /* AppDelegate.swift in Sources */,
				801E030A2A378BCB0091A49B /* SceneDelegate.swift in Sources */,
				801E03762A3853010091A49B /* Abstract.swift in Sources */,
				801E03702A384D010091A49B /* Encapsulation.swift in Sources */,
				801E03692A384ADF0091A49B /* Animal.swift in Sources */,
			);
			runOnlyForDeploymentPostprocessing = 0;
		};
/* End PBXSourcesBuildPhase section */

/* Begin PBXVariantGroup section */
		801E030D2A378BCB0091A49B /* Main.storyboard */ = {
			isa = PBXVariantGroup;
			children = (
				801E030E2A378BCB0091A49B /* Base */,
			);
			name = Main.storyboard;
			sourceTree = "<group>";
		};
		801E03122A378BCD0091A49B /* LaunchScreen.storyboard */ = {
			isa = PBXVariantGroup;
			children = (
				801E03132A378BCD0091A49B /* Base */,
			);
			name = LaunchScreen.storyboard;
			sourceTree = "<group>";
		};
/* End PBXVariantGroup section */

/* Begin XCBuildConfiguration section */
		801E03162A378BCD0091A49B /* Debug */ = {
			isa = XCBuildConfiguration;
			buildSettings = {
				ALWAYS_SEARCH_USER_PATHS = NO;
				CLANG_ANALYZER_NONNULL = YES;
				CLANG_ANALYZER_NUMBER_OBJECT_CONVERSION = YES_AGGRESSIVE;
				CLANG_CXX_LANGUAGE_STANDARD = "gnu++20";
				CLANG_ENABLE_MODULES = YES;
				CLANG_ENABLE_OBJC_ARC = YES;
				CLANG_ENABLE_OBJC_WEAK = YES;
				CLANG_WARN_BLOCK_CAPTURE_AUTORELEASING = YES;
				CLANG_WARN_BOOL_CONVERSION = YES;
				CLANG_WARN_COMMA = YES;
				CLANG_WARN_CONSTANT_CONVERSION = YES;
				CLANG_WARN_DEPRECATED_OBJC_IMPLEMENTATIONS = YES;
				CLANG_WARN_DIRECT_OBJC_ISA_USAGE = YES_ERROR;
				CLANG_WARN_DOCUMENTATION_COMMENTS = YES;
				CLANG_WARN_EMPTY_BODY = YES;
				CLANG_WARN_ENUM_CONVERSION = YES;
				CLANG_WARN_INFINITE_RECURSION = YES;
				CLANG_WARN_INT_CONVERSION = YES;
				CLANG_WARN_NON_LITERAL_NULL_CONVERSION = YES;
				CLANG_WARN_OBJC_IMPLICIT_RETAIN_SELF = YES;
				CLANG_WARN_OBJC_LITERAL_CONVERSION = YES;
				CLANG_WARN_OBJC_ROOT_CLASS = YES_ERROR;
				CLANG_WARN_QUOTED_INCLUDE_IN_FRAMEWORK_HEADER = YES;
				CLANG_WARN_RANGE_LOOP_ANALYSIS = YES;
				CLANG_WARN_STRICT_PROTOTYPES = YES;
				CLANG_WARN_SUSPICIOUS_MOVE = YES;
				CLANG_WARN_UNGUARDED_AVAILABILITY = YES_AGGRESSIVE;
				CLANG_WARN_UNREACHABLE_CODE = YES;
				CLANG_WARN__DUPLICATE_METHOD_MATCH = YES;
				COPY_PHASE_STRIP = NO;
				DEBUG_INFORMATION_FORMAT = dwarf;
				ENABLE_STRICT_OBJC_MSGSEND = YES;
				ENABLE_TESTABILITY = YES;
				GCC_C_LANGUAGE_STANDARD = gnu11;
				GCC_DYNAMIC_NO_PIC = NO;
				GCC_NO_COMMON_BLOCKS = YES;
				GCC_OPTIMIZATION_LEVEL = 0;
				GCC_PREPROCESSOR_DEFINITIONS = (
					"DEBUG=1",
					"$(inherited)",
				);
				GCC_WARN_64_TO_32_BIT_CONVERSION = YES;
				GCC_WARN_ABOUT_RETURN_TYPE = YES_ERROR;
				GCC_WARN_UNDECLARED_SELECTOR = YES;
				GCC_WARN_UNINITIALIZED_AUTOS = YES_AGGRESSIVE;
				GCC_WARN_UNUSED_FUNCTION = YES;
				GCC_WARN_UNUSED_VARIABLE = YES;
				IPHONEOS_DEPLOYMENT_TARGET = 16.4;
				MTL_ENABLE_DEBUG_INFO = INCLUDE_SOURCE;
				MTL_FAST_MATH = YES;
				ONLY_ACTIVE_ARCH = YES;
				SDKROOT = iphoneos;
				SWIFT_ACTIVE_COMPILATION_CONDITIONS = DEBUG;
				SWIFT_OPTIMIZATION_LEVEL = "-Onone";
			};
			name = Debug;
		};
		801E03172A378BCD0091A49B /* Release */ = {
			isa = XCBuildConfiguration;
			buildSettings = {
				ALWAYS_SEARCH_USER_PATHS = NO;
				CLANG_ANALYZER_NONNULL = YES;
				CLANG_ANALYZER_NUMBER_OBJECT_CONVERSION = YES_AGGRESSIVE;
				CLANG_CXX_LANGUAGE_STANDARD = "gnu++20";
				CLANG_ENABLE_MODULES = YES;
				CLANG_ENABLE_OBJC_ARC = YES;
				CLANG_ENABLE_OBJC_WEAK = YES;
				CLANG_WARN_BLOCK_CAPTURE_AUTORELEASING = YES;
				CLANG_WARN_BOOL_CONVERSION = YES;
				CLANG_WARN_COMMA = YES;
				CLANG_WARN_CONSTANT_CONVERSION = YES;
				CLANG_WARN_DEPRECATED_OBJC_IMPLEMENTATIONS = YES;
				CLANG_WARN_DIRECT_OBJC_ISA_USAGE = YES_ERROR;
				CLANG_WARN_DOCUMENTATION_COMMENTS = YES;
				CLANG_WARN_EMPTY_BODY = YES;
				CLANG_WARN_ENUM_CONVERSION = YES;
				CLANG_WARN_INFINITE_RECURSION = YES;
				CLANG_WARN_INT_CONVERSION = YES;
				CLANG_WARN_NON_LITERAL_NULL_CONVERSION = YES;
				CLANG_WARN_OBJC_IMPLICIT_RETAIN_SELF = YES;
				CLANG_WARN_OBJC_LITERAL_CONVERSION = YES;
				CLANG_WARN_OBJC_ROOT_CLASS = YES_ERROR;
				CLANG_WARN_QUOTED_INCLUDE_IN_FRAMEWORK_HEADER = YES;
				CLANG_WARN_RANGE_LOOP_ANALYSIS = YES;
				CLANG_WARN_STRICT_PROTOTYPES = YES;
				CLANG_WARN_SUSPICIOUS_MOVE = YES;
				CLANG_WARN_UNGUARDED_AVAILABILITY = YES_AGGRESSIVE;
				CLANG_WARN_UNREACHABLE_CODE = YES;
				CLANG_WARN__DUPLICATE_METHOD_MATCH = YES;
				COPY_PHASE_STRIP = NO;
				DEBUG_INFORMATION_FORMAT = "dwarf-with-dsym";
				ENABLE_NS_ASSERTIONS = NO;
				ENABLE_STRICT_OBJC_MSGSEND = YES;
				GCC_C_LANGUAGE_STANDARD = gnu11;
				GCC_NO_COMMON_BLOCKS = YES;
				GCC_WARN_64_TO_32_BIT_CONVERSION = YES;
				GCC_WARN_ABOUT_RETURN_TYPE = YES_ERROR;
				GCC_WARN_UNDECLARED_SELECTOR = YES;
				GCC_WARN_UNINITIALIZED_AUTOS = YES_AGGRESSIVE;
				GCC_WARN_UNUSED_FUNCTION = YES;
				GCC_WARN_UNUSED_VARIABLE = YES;
				IPHONEOS_DEPLOYMENT_TARGET = 16.4;
				MTL_ENABLE_DEBUG_INFO = NO;
				MTL_FAST_MATH = YES;
				SDKROOT = iphoneos;
				SWIFT_COMPILATION_MODE = wholemodule;
				SWIFT_OPTIMIZATION_LEVEL = "-O";
				VALIDATE_PRODUCT = YES;
			};
			name = Release;
		};
		801E03192A378BCD0091A49B /* Debug */ = {
			isa = XCBuildConfiguration;
			buildSettings = {
				ASSETCATALOG_COMPILER_APPICON_NAME = AppIcon;
				ASSETCATALOG_COMPILER_GLOBAL_ACCENT_COLOR_NAME = AccentColor;
				CODE_SIGN_STYLE = Automatic;
				CURRENT_PROJECT_VERSION = 1;
				GENERATE_INFOPLIST_FILE = YES;
				INFOPLIST_FILE = LessonThree/Info.plist;
				INFOPLIST_KEY_UIApplicationSupportsIndirectInputEvents = YES;
				INFOPLIST_KEY_UILaunchStoryboardName = LaunchScreen;
				INFOPLIST_KEY_UIMainStoryboardFile = Main;
				INFOPLIST_KEY_UISupportedInterfaceOrientations_iPad = "UIInterfaceOrientationPortrait UIInterfaceOrientationPortraitUpsideDown UIInterfaceOrientationLandscapeLeft UIInterfaceOrientationLandscapeRight";
				INFOPLIST_KEY_UISupportedInterfaceOrientations_iPhone = "UIInterfaceOrientationPortrait UIInterfaceOrientationLandscapeLeft UIInterfaceOrientationLandscapeRight";
				LD_RUNPATH_SEARCH_PATHS = (
					"$(inherited)",
					"@executable_path/Frameworks",
				);
				MARKETING_VERSION = 1.0;
				PRODUCT_BUNDLE_IDENTIFIER = infoland.LessonThree;
				PRODUCT_NAME = "$(TARGET_NAME)";
				SWIFT_EMIT_LOC_STRINGS = YES;
				SWIFT_VERSION = 5.0;
				TARGETED_DEVICE_FAMILY = "1,2";
			};
			name = Debug;
		};
		801E031A2A378BCD0091A49B /* Release */ = {
			isa = XCBuildConfiguration;
			buildSettings = {
				ASSETCATALOG_COMPILER_APPICON_NAME = AppIcon;
				ASSETCATALOG_COMPILER_GLOBAL_ACCENT_COLOR_NAME = AccentColor;
				CODE_SIGN_STYLE = Automatic;
				CURRENT_PROJECT_VERSION = 1;
				GENERATE_INFOPLIST_FILE = YES;
				INFOPLIST_FILE = LessonThree/Info.plist;
				INFOPLIST_KEY_UIApplicationSupportsIndirectInputEvents = YES;
				INFOPLIST_KEY_UILaunchStoryboardName = LaunchScreen;
				INFOPLIST_KEY_UIMainStoryboardFile = Main;
				INFOPLIST_KEY_UISupportedInterfaceOrientations_iPad = "UIInterfaceOrientationPortrait UIInterfaceOrientationPortraitUpsideDown UIInterfaceOrientationLandscapeLeft UIInterfaceOrientationLandscapeRight";
				INFOPLIST_KEY_UISupportedInterfaceOrientations_iPhone = "UIInterfaceOrientationPortrait UIInterfaceOrientationLandscapeLeft UIInterfaceOrientationLandscapeRight";
				LD_RUNPATH_SEARCH_PATHS = (
					"$(inherited)",
					"@executable_path/Frameworks",
				);
				MARKETING_VERSION = 1.0;
				PRODUCT_BUNDLE_IDENTIFIER = infoland.LessonThree;
				PRODUCT_NAME = "$(TARGET_NAME)";
				SWIFT_EMIT_LOC_STRINGS = YES;
				SWIFT_VERSION = 5.0;
				TARGETED_DEVICE_FAMILY = "1,2";
			};
			name = Release;
		};
/* End XCBuildConfiguration section */

/* Begin XCConfigurationList section */
		801E02FF2A378BCB0091A49B /* Build configuration list for PBXProject "LessonThree" */ = {
			isa = XCConfigurationList;
			buildConfigurations = (
				801E03162A378BCD0091A49B /* Debug */,
				801E03172A378BCD0091A49B /* Release */,
			);
			defaultConfigurationIsVisible = 0;
			defaultConfigurationName = Release;
		};
		801E03182A378BCD0091A49B /* Build configuration list for PBXNativeTarget "LessonThree" */ = {
			isa = XCConfigurationList;
			buildConfigurations = (
				801E03192A378BCD0091A49B /* Debug */,
				801E031A2A378BCD0091A49B /* Release */,
			);
			defaultConfigurationIsVisible = 0;
			defaultConfigurationName = Release;
		};
/* End XCConfigurationList section */
	};
	rootObject = 801E02FC2A378BCB0091A49B /* Project object */;
}
